
Microsoft Visual Studio Solution File, Format Version 12.00
# Visual Studio Version 17
VisualStudioVersion = 17.0.31903.59
MinimumVisualStudioVersion = 10.0.40219.1
Project("{2150E333-8FDC-42A3-9474-1A3956D46DE8}") = "mods", "mods", "{414D1254-A15A-4024-85AC-4424837ABA2D}"
EndProject
Project("{FAE04EC0-301F-11D3-BF4B-00C04F79EFBC}") = "ImmersiveChefs", "mods\ImmersiveChefs\ImmersiveChefs.csproj", "{EBEF05F9-B027-44DA-8D85-CD4C6D3CBFF9}"
EndProject
Project("{FAE04EC0-301F-11D3-BF4B-00C04F79EFBC}") = "RimWorldDevGateway", "mods\RimWorldDevGateway\RimWorldDevGateway.csproj", "{D31331C4-94C6-4A8C-9E05-FCC8BF7F43E7}"
EndProject
Project("{2150E333-8FDC-42A3-9474-1A3956D46DE8}") = "tests", "tests", "{57C1353C-978D-44F2-995F-A95307B3701E}"
EndProject
Project("{FAE04EC0-301F-11D3-BF4B-00C04F79EFBC}") = "ImmersiveChefs.Tests", "tests\ImmersiveChefs.Tests\ImmersiveChefs.Tests.csproj", "{EADF75A1-4B28-4C7B-AB01-4D5A1A64FEA6}"
EndProject
Project("{FAE04EC0-301F-11D3-BF4B-00C04F79EFBC}") = "ImmersiveChefs.Harmony.Tests", "tests\ImmersiveChefs.Harmony.Tests\ImmersiveChefs.Harmony.Tests.csproj", "{089228E5-6563-405E-AD12-9FA30479AAE9}"
EndProject
Project("{FAE04EC0-301F-11D3-BF4B-00C04F79EFBC}") = "ImmersiveChefs.Defs.Tests", "tests\ImmersiveChefs.Defs.Tests\ImmersiveChefs.Defs.Tests.csproj", "{395E3998-53FA-4691-8473-F7A5CD59C088}"
EndProject
Project("{FAE04EC0-301F-11D3-BF4B-00C04F79EFBC}") = "RimWorldDevGateway.Tests", "tests\RimWorldDevGateway.Tests\RimWorldDevGateway.Tests.csproj", "{9B2205AE-F703-40B8-B7B0-3B92118EE73D}"
EndProject
Project("{FAE04EC0-301F-11D3-BF4B-00C04F79EFBC}") = "RimWorldDevGateway.EndToEndHost.Tests", "tests\RimWorldDevGateway.EndToEndHost.Tests\RimWorldDevGateway.EndToEndHost.Tests.csproj", "{7A4C6D2E-FB20-471D-9C85-2B1E37894A4E}"
EndProject
Project("{FAE04EC0-301F-11D3-BF4B-00C04F79EFBC}") = "RimWorldDevGateway.InGame.IntegrationTests", "tests\RimWorldDevGateway.InGame.IntegrationTests\RimWorldDevGateway.InGame.IntegrationTests.csproj", "{5E6FA2E7-D2AA-4C6F-BDE3-9BA9A3B98265}"
EndProject
Project("{FAE04EC0-301F-11D3-BF4B-00C04F79EFBC}") = "ImmersiveChefs.InGame.IntegrationTests", "tests\ImmersiveChefs.InGame.IntegrationTests\ImmersiveChefs.InGame.IntegrationTests.csproj", "{C2F8E6A4-7D19-4C51-A3B2-9F104C87D6E5}"
EndProject
Project("{FAE04EC0-301F-11D3-BF4B-00C04F79EFBC}") = "ImmersiveChefs.Thermodynamics.InGame.IntegrationTests", "tests\ImmersiveChefs.Thermodynamics.InGame.IntegrationTests\ImmersiveChefs.Thermodynamics.InGame.IntegrationTests.csproj", "{8F1123A0-1C4B-4AF0-A3D8-ADAB560F1591}"
EndProject
Project("{FAE04EC0-301F-11D3-BF4B-00C04F79EFBC}") = "ImmersiveChefs.NoVanillaMeals.InGame.IntegrationTests", "tests\ImmersiveChefs.NoVanillaMeals.InGame.IntegrationTests\ImmersiveChefs.NoVanillaMeals.InGame.IntegrationTests.csproj", "{B6D6E988-7142-4A4C-A9D5-1E526C1814C4}"
EndProject
Project("{FAE04EC0-301F-11D3-BF4B-00C04F79EFBC}") = "ImmersiveChefs.NoVanillaMealsOnly.InGame.IntegrationTests", "tests\ImmersiveChefs.NoVanillaMealsOnly.InGame.IntegrationTests\ImmersiveChefs.NoVanillaMealsOnly.InGame.IntegrationTests.csproj", "{4E64191B-A918-4C19-8E64-0ED4A2BDF82A}"
EndProject
Project("{FAE04EC0-301F-11D3-BF4B-00C04F79EFBC}") = "ImmersiveChefs.FinalProductMods.InGame.IntegrationTests", "tests\ImmersiveChefs.FinalProductMods.InGame.IntegrationTests\ImmersiveChefs.FinalProductMods.InGame.IntegrationTests.csproj", "{687BFA84-8597-4782-B107-36DF71E7404E}"
EndProject
Project("{2150E333-8FDC-42A3-9474-1A3956D46DE8}") = "tools", "tools", "{6E7CE74C-18E0-4FDF-B8FD-14CD493A4568}"
EndProject
Project("{FAE04EC0-301F-11D3-BF4B-00C04F79EFBC}") = "RimWorldDevGateway.Client", "tools\RimWorldDevGateway.Client\RimWorldDevGateway.Client.csproj", "{1CBB22B0-8427-4498-8557-D6E5F23EEBA3}"
EndProject
Project("{FAE04EC0-301F-11D3-BF4B-00C04F79EFBC}") = "RimWorldDevGateway.EndToEndHost", "tools\RimWorldDevGateway.EndToEndHost\RimWorldDevGateway.EndToEndHost.csproj", "{9C214E8F-4CAB-4A97-8C3A-6E18D7B82061}"
EndProject
Project("{2150E333-8FDC-42A3-9474-1A3956D46DE8}") = "shared", "shared", "{18E1D5C4-0E54-485D-A886-E196438C325E}"
EndProject
Project("{FAE04EC0-301F-11D3-BF4B-00C04F79EFBC}") = "RimWorldDevGateway.Contracts", "shared\RimWorldDevGateway.Contracts\RimWorldDevGateway.Contracts.csproj", "{E97FD006-1C85-4215-A9BF-C6EB446045A7}"
EndProject
Project("{FAE04EC0-301F-11D3-BF4B-00C04F79EFBC}") = "RimWorldDevGateway.IntegrationTesting", "shared\RimWorldDevGateway.IntegrationTesting\RimWorldDevGateway.IntegrationTesting.csproj", "{A75A9A76-4E72-46C7-BE55-05F599E2E4C1}"
EndProject
Project("{FAE04EC0-301F-11D3-BF4B-00C04F79EFBC}") = "RimWorldDevGateway.EndToEndTesting", "shared\RimWorldDevGateway.EndToEndTesting\RimWorldDevGateway.EndToEndTesting.csproj", "{5B4C1A0A-B291-4B14-BEF2-3C2B93B6B1E1}"
EndProject
Project("{FAE04EC0-301F-11D3-BF4B-00C04F79EFBC}") = "RimWorldDevGateway.Snapshots.Tests", "tests\RimWorldDevGateway.Snapshots.Tests\RimWorldDevGateway.Snapshots.Tests.csproj", "{4409B3DE-39C1-4D7F-A24D-8508F4655BEF}"
EndProject
Project("{FAE04EC0-301F-11D3-BF4B-00C04F79EFBC}") = "RimWorldDevGateway.EndToEndTests", "tests\RimWorldDevGateway.EndToEndTests\RimWorldDevGateway.EndToEndTests.csproj", "{0A4113EF-E92B-44C1-A918-62D778DCE07B}"
EndProject
Project("{FAE04EC0-301F-11D3-BF4B-00C04F79EFBC}") = "ImmersiveChefs.EndToEndTests", "tests\ImmersiveChefs.EndToEndTests\ImmersiveChefs.EndToEndTests.csproj", "{07DA4944-2117-469E-B8F0-5AED4B74C920}"
EndProject
Project("{FAE04EC0-301F-11D3-BF4B-00C04F79EFBC}") = "ImmersiveChefs.FoodSearchMods.InGame.IntegrationTests", "tests\ImmersiveChefs.FoodSearchMods.InGame.IntegrationTests\ImmersiveChefs.FoodSearchMods.InGame.IntegrationTests.csproj", "{B0B710E0-4150-45B3-B7E8-1BD0F121BD23}"
EndProject
Project("{FAE04EC0-301F-11D3-BF4B-00C04F79EFBC}") = "ImmersiveChefs.VceFriedMods.InGame.IntegrationTests", "tests\ImmersiveChefs.VceFriedMods.InGame.IntegrationTests\ImmersiveChefs.VceFriedMods.InGame.IntegrationTests.csproj", "{8B71DA50-F2F4-4AE2-A3A8-67D4D22B8873}"
EndProject
Project("{FAE04EC0-301F-11D3-BF4B-00C04F79EFBC}") = "ImmersiveChefs.ReplimatMods.InGame.IntegrationTests", "tests\ImmersiveChefs.ReplimatMods.InGame.IntegrationTests\ImmersiveChefs.ReplimatMods.InGame.IntegrationTests.csproj", "{44D98D64-2D49-4BF1-B4A2-4823B11CE3EB}"
EndProject
Project("{FAE04EC0-301F-11D3-BF4B-00C04F79EFBC}") = "ImmersiveChefs.MealPrinterMods.InGame.IntegrationTests", "tests\ImmersiveChefs.MealPrinterMods.InGame.IntegrationTests\ImmersiveChefs.MealPrinterMods.InGame.IntegrationTests.csproj", "{FB7081B8-991B-4415-9FFD-41E3EF4DBB89}"
EndProject
Project("{FAE04EC0-301F-11D3-BF4B-00C04F79EFBC}") = "ImmersiveChefs.MealTextureAbsent.InGame.IntegrationTests", "tests\ImmersiveChefs.MealTextureAbsent.InGame.IntegrationTests\ImmersiveChefs.MealTextureAbsent.InGame.IntegrationTests.csproj", "{E35BC377-39C2-4B56-ACC1-2343E273ABF8}"
EndProject
Project("{FAE04EC0-301F-11D3-BF4B-00C04F79EFBC}") = "ImmersiveChefs.Dmtr.InGame.IntegrationTests", "tests\ImmersiveChefs.Dmtr.InGame.IntegrationTests\ImmersiveChefs.Dmtr.InGame.IntegrationTests.csproj", "{BCDC082A-2D38-4DF7-A637-CFA56C694B39}"
EndProject
Project("{FAE04EC0-301F-11D3-BF4B-00C04F79EFBC}") = "ImmersiveChefs.Ftv.InGame.IntegrationTests", "tests\ImmersiveChefs.Ftv.InGame.IntegrationTests\ImmersiveChefs.Ftv.InGame.IntegrationTests.csproj", "{4213F726-D3E9-422B-A439-FA02F65FF346}"
EndProject
Project("{FAE04EC0-301F-11D3-BF4B-00C04F79EFBC}") = "ImmersiveChefs.DmtrFtv.InGame.IntegrationTests", "tests\ImmersiveChefs.DmtrFtv.InGame.IntegrationTests\ImmersiveChefs.DmtrFtv.InGame.IntegrationTests.csproj", "{46B97A47-B1FE-4E0E-9985-9C2A05BD5977}"
EndProject
Project("{FAE04EC0-301F-11D3-BF4B-00C04F79EFBC}") = "ImmersiveChefs.VisualProvenance.InGame.IntegrationTests", "tests\ImmersiveChefs.VisualProvenance.InGame.IntegrationTests\ImmersiveChefs.VisualProvenance.InGame.IntegrationTests.csproj", "{A1D95710-7971-4C6F-B9C7-FDA3705C77D4}"
EndProject
Project("{FAE04EC0-301F-11D3-BF4B-00C04F79EFBC}") = "ImmersiveChefs.TextureVariations.InGame.IntegrationTests", "tests\ImmersiveChefs.TextureVariations.InGame.IntegrationTests\ImmersiveChefs.TextureVariations.InGame.IntegrationTests.csproj", "{030815FA-7E6C-4A61-B49D-A77A9AF9C8A2}"
EndProject
Project("{FAE04EC0-301F-11D3-BF4B-00C04F79EFBC}") = "ImmersiveChefs.AbsPolymer.InGame.IntegrationTests", "tests\ImmersiveChefs.AbsPolymer.InGame.IntegrationTests\ImmersiveChefs.AbsPolymer.InGame.IntegrationTests.csproj", "{4FB2988B-3466-4AEB-B60C-14B57956E256}"
EndProject
Project("{FAE04EC0-301F-11D3-BF4B-00C04F79EFBC}") = "ImmersiveChefs.ExpandedMaterialsMasonry.InGame.IntegrationTests", "tests\ImmersiveChefs.ExpandedMaterialsMasonry.InGame.IntegrationTests\ImmersiveChefs.ExpandedMaterialsMasonry.InGame.IntegrationTests.csproj", "{6F5018CF-0C06-4D7F-B857-8465C7E9167A}"
EndProject
Project("{FAE04EC0-301F-11D3-BF4B-00C04F79EFBC}") = "ImmersiveChefs.CookForYourself.InGame.IntegrationTests", "tests\ImmersiveChefs.CookForYourself.InGame.IntegrationTests\ImmersiveChefs.CookForYourself.InGame.IntegrationTests.csproj", "{26275A61-85F5-4372-858C-1666CF89A699}"
EndProject
Global
	GlobalSection(SolutionConfigurationPlatforms) = preSolution
		Debug|Any CPU = Debug|Any CPU
		Release|Any CPU = Release|Any CPU
	EndGlobalSection
	GlobalSection(SolutionProperties) = preSolution
		HideSolutionNode = FALSE
	EndGlobalSection
	GlobalSection(ProjectConfigurationPlatforms) = postSolution
		{EBEF05F9-B027-44DA-8D85-CD4C6D3CBFF9}.Debug|Any CPU.ActiveCfg = Debug|Any CPU
		{EBEF05F9-B027-44DA-8D85-CD4C6D3CBFF9}.Debug|Any CPU.Build.0 = Debug|Any CPU
		{EBEF05F9-B027-44DA-8D85-CD4C6D3CBFF9}.Release|Any CPU.ActiveCfg = Release|Any CPU
		{EBEF05F9-B027-44DA-8D85-CD4C6D3CBFF9}.Release|Any CPU.Build.0 = Release|Any CPU
		{EADF75A1-4B28-4C7B-AB01-4D5A1A64FEA6}.Debug|Any CPU.ActiveCfg = Debug|Any CPU
		{EADF75A1-4B28-4C7B-AB01-4D5A1A64FEA6}.Debug|Any CPU.Build.0 = Debug|Any CPU
		{EADF75A1-4B28-4C7B-AB01-4D5A1A64FEA6}.Release|Any CPU.ActiveCfg = Release|Any CPU
		{EADF75A1-4B28-4C7B-AB01-4D5A1A64FEA6}.Release|Any CPU.Build.0 = Release|Any CPU
		{089228E5-6563-405E-AD12-9FA30479AAE9}.Debug|Any CPU.ActiveCfg = Debug|Any CPU
		{089228E5-6563-405E-AD12-9FA30479AAE9}.Debug|Any CPU.Build.0 = Debug|Any CPU
		{089228E5-6563-405E-AD12-9FA30479AAE9}.Release|Any CPU.ActiveCfg = Release|Any CPU
		{089228E5-6563-405E-AD12-9FA30479AAE9}.Release|Any CPU.Build.0 = Release|Any CPU
		{395E3998-53FA-4691-8473-F7A5CD59C088}.Debug|Any CPU.ActiveCfg = Debug|Any CPU
		{395E3998-53FA-4691-8473-F7A5CD59C088}.Debug|Any CPU.Build.0 = Debug|Any CPU
		{395E3998-53FA-4691-8473-F7A5CD59C088}.Release|Any CPU.ActiveCfg = Release|Any CPU
		{395E3998-53FA-4691-8473-F7A5CD59C088}.Release|Any CPU.Build.0 = Release|Any CPU
		{D31331C4-94C6-4A8C-9E05-FCC8BF7F43E7}.Debug|Any CPU.ActiveCfg = Debug|Any CPU
		{D31331C4-94C6-4A8C-9E05-FCC8BF7F43E7}.Debug|Any CPU.Build.0 = Debug|Any CPU
		{D31331C4-94C6-4A8C-9E05-FCC8BF7F43E7}.Release|Any CPU.ActiveCfg = Release|Any CPU
		{D31331C4-94C6-4A8C-9E05-FCC8BF7F43E7}.Release|Any CPU.Build.0 = Release|Any CPU
		{9B2205AE-F703-40B8-B7B0-3B92118EE73D}.Debug|Any CPU.ActiveCfg = Debug|Any CPU
		{9B2205AE-F703-40B8-B7B0-3B92118EE73D}.Debug|Any CPU.Build.0 = Debug|Any CPU
		{9B2205AE-F703-40B8-B7B0-3B92118EE73D}.Release|Any CPU.ActiveCfg = Release|Any CPU
		{9B2205AE-F703-40B8-B7B0-3B92118EE73D}.Release|Any CPU.Build.0 = Release|Any CPU
		{7A4C6D2E-FB20-471D-9C85-2B1E37894A4E}.Debug|Any CPU.ActiveCfg = Debug|Any CPU
		{7A4C6D2E-FB20-471D-9C85-2B1E37894A4E}.Debug|Any CPU.Build.0 = Debug|Any CPU
		{7A4C6D2E-FB20-471D-9C85-2B1E37894A4E}.Release|Any CPU.ActiveCfg = Release|Any CPU
		{7A4C6D2E-FB20-471D-9C85-2B1E37894A4E}.Release|Any CPU.Build.0 = Release|Any CPU
		{5E6FA2E7-D2AA-4C6F-BDE3-9BA9A3B98265}.Debug|Any CPU.ActiveCfg = Debug|Any CPU
		{5E6FA2E7-D2AA-4C6F-BDE3-9BA9A3B98265}.Debug|Any CPU.Build.0 = Debug|Any CPU
		{5E6FA2E7-D2AA-4C6F-BDE3-9BA9A3B98265}.Release|Any CPU.ActiveCfg = Release|Any CPU
		{5E6FA2E7-D2AA-4C6F-BDE3-9BA9A3B98265}.Release|Any CPU.Build.0 = Release|Any CPU
		{C2F8E6A4-7D19-4C51-A3B2-9F104C87D6E5}.Debug|Any CPU.ActiveCfg = Debug|Any CPU
		{C2F8E6A4-7D19-4C51-A3B2-9F104C87D6E5}.Debug|Any CPU.Build.0 = Debug|Any CPU
		{C2F8E6A4-7D19-4C51-A3B2-9F104C87D6E5}.Release|Any CPU.ActiveCfg = Release|Any CPU
		{C2F8E6A4-7D19-4C51-A3B2-9F104C87D6E5}.Release|Any CPU.Build.0 = Release|Any CPU
		{8F1123A0-1C4B-4AF0-A3D8-ADAB560F1591}.Debug|Any CPU.ActiveCfg = Debug|Any CPU
		{8F1123A0-1C4B-4AF0-A3D8-ADAB560F1591}.Debug|Any CPU.Build.0 = Debug|Any CPU
		{8F1123A0-1C4B-4AF0-A3D8-ADAB560F1591}.Release|Any CPU.ActiveCfg = Release|Any CPU
		{8F1123A0-1C4B-4AF0-A3D8-ADAB560F1591}.Release|Any CPU.Build.0 = Release|Any CPU
		{B6D6E988-7142-4A4C-A9D5-1E526C1814C4}.Debug|Any CPU.ActiveCfg = Debug|Any CPU
		{B6D6E988-7142-4A4C-A9D5-1E526C1814C4}.Debug|Any CPU.Build.0 = Debug|Any CPU
		{B6D6E988-7142-4A4C-A9D5-1E526C1814C4}.Release|Any CPU.ActiveCfg = Release|Any CPU
		{B6D6E988-7142-4A4C-A9D5-1E526C1814C4}.Release|Any CPU.Build.0 = Release|Any CPU
		{4E64191B-A918-4C19-8E64-0ED4A2BDF82A}.Debug|Any CPU.ActiveCfg = Debug|Any CPU
		{4E64191B-A918-4C19-8E64-0ED4A2BDF82A}.Debug|Any CPU.Build.0 = Debug|Any CPU
		{4E64191B-A918-4C19-8E64-0ED4A2BDF82A}.Release|Any CPU.ActiveCfg = Release|Any CPU
		{4E64191B-A918-4C19-8E64-0ED4A2BDF82A}.Release|Any CPU.Build.0 = Release|Any CPU
		{687BFA84-8597-4782-B107-36DF71E7404E}.Debug|Any CPU.ActiveCfg = Debug|Any CPU
		{687BFA84-8597-4782-B107-36DF71E7404E}.Debug|Any CPU.Build.0 = Debug|Any CPU
		{687BFA84-8597-4782-B107-36DF71E7404E}.Release|Any CPU.ActiveCfg = Release|Any CPU
		{687BFA84-8597-4782-B107-36DF71E7404E}.Release|Any CPU.Build.0 = Release|Any CPU
		{1CBB22B0-8427-4498-8557-D6E5F23EEBA3}.Debug|Any CPU.ActiveCfg = Debug|Any CPU
		{1CBB22B0-8427-4498-8557-D6E5F23EEBA3}.Debug|Any CPU.Build.0 = Debug|Any CPU
		{1CBB22B0-8427-4498-8557-D6E5F23EEBA3}.Release|Any CPU.ActiveCfg = Release|Any CPU
		{1CBB22B0-8427-4498-8557-D6E5F23EEBA3}.Release|Any CPU.Build.0 = Release|Any CPU
		{9C214E8F-4CAB-4A97-8C3A-6E18D7B82061}.Debug|Any CPU.ActiveCfg = Debug|Any CPU
		{9C214E8F-4CAB-4A97-8C3A-6E18D7B82061}.Debug|Any CPU.Build.0 = Debug|Any CPU
		{9C214E8F-4CAB-4A97-8C3A-6E18D7B82061}.Release|Any CPU.ActiveCfg = Release|Any CPU
		{9C214E8F-4CAB-4A97-8C3A-6E18D7B82061}.Release|Any CPU.Build.0 = Release|Any CPU
		{E97FD006-1C85-4215-A9BF-C6EB446045A7}.Debug|Any CPU.ActiveCfg = Debug|Any CPU
		{E97FD006-1C85-4215-A9BF-C6EB446045A7}.Debug|Any CPU.Build.0 = Debug|Any CPU
		{E97FD006-1C85-4215-A9BF-C6EB446045A7}.Release|Any CPU.ActiveCfg = Release|Any CPU
		{E97FD006-1C85-4215-A9BF-C6EB446045A7}.Release|Any CPU.Build.0 = Release|Any CPU
		{A75A9A76-4E72-46C7-BE55-05F599E2E4C1}.Debug|Any CPU.ActiveCfg = Debug|Any CPU
		{A75A9A76-4E72-46C7-BE55-05F599E2E4C1}.Debug|Any CPU.Build.0 = Debug|Any CPU
		{A75A9A76-4E72-46C7-BE55-05F599E2E4C1}.Release|Any CPU.ActiveCfg = Release|Any CPU
		{A75A9A76-4E72-46C7-BE55-05F599E2E4C1}.Release|Any CPU.Build.0 = Release|Any CPU
		{5B4C1A0A-B291-4B14-BEF2-3C2B93B6B1E1}.Debug|Any CPU.ActiveCfg = Debug|Any CPU
		{5B4C1A0A-B291-4B14-BEF2-3C2B93B6B1E1}.Debug|Any CPU.Build.0 = Debug|Any CPU
		{5B4C1A0A-B291-4B14-BEF2-3C2B93B6B1E1}.Release|Any CPU.ActiveCfg = Release|Any CPU
		{5B4C1A0A-B291-4B14-BEF2-3C2B93B6B1E1}.Release|Any CPU.Build.0 = Release|Any CPU
		{4409B3DE-39C1-4D7F-A24D-8508F4655BEF}.Debug|Any CPU.ActiveCfg = Debug|Any CPU
		{4409B3DE-39C1-4D7F-A24D-8508F4655BEF}.Debug|Any CPU.Build.0 = Debug|Any CPU
		{4409B3DE-39C1-4D7F-A24D-8508F4655BEF}.Release|Any CPU.ActiveCfg = Release|Any CPU
		{4409B3DE-39C1-4D7F-A24D-8508F4655BEF}.Release|Any CPU.Build.0 = Release|Any CPU
		{0A4113EF-E92B-44C1-A918-62D778DCE07B}.Debug|Any CPU.ActiveCfg = Debug|Any CPU
		{0A4113EF-E92B-44C1-A918-62D778DCE07B}.Debug|Any CPU.Build.0 = Debug|Any CPU
		{0A4113EF-E92B-44C1-A918-62D778DCE07B}.Release|Any CPU.ActiveCfg = Release|Any CPU
		{0A4113EF-E92B-44C1-A918-62D778DCE07B}.Release|Any CPU.Build.0 = Release|Any CPU
		{07DA4944-2117-469E-B8F0-5AED4B74C920}.Debug|Any CPU.ActiveCfg = Debug|Any CPU
		{07DA4944-2117-469E-B8F0-5AED4B74C920}.Debug|Any CPU.Build.0 = Debug|Any CPU
		{07DA4944-2117-469E-B8F0-5AED4B74C920}.Release|Any CPU.ActiveCfg = Release|Any CPU
		{07DA4944-2117-469E-B8F0-5AED4B74C920}.Release|Any CPU.Build.0 = Release|Any CPU
		{B0B710E0-4150-45B3-B7E8-1BD0F121BD23}.Debug|Any CPU.ActiveCfg = Debug|Any CPU
		{B0B710E0-4150-45B3-B7E8-1BD0F121BD23}.Debug|Any CPU.Build.0 = Debug|Any CPU
		{B0B710E0-4150-45B3-B7E8-1BD0F121BD23}.Release|Any CPU.ActiveCfg = Release|Any CPU
		{B0B710E0-4150-45B3-B7E8-1BD0F121BD23}.Release|Any CPU.Build.0 = Release|Any CPU
		{8B71DA50-F2F4-4AE2-A3A8-67D4D22B8873}.Debug|Any CPU.ActiveCfg = Debug|Any CPU
		{8B71DA50-F2F4-4AE2-A3A8-67D4D22B8873}.Debug|Any CPU.Build.0 = Debug|Any CPU
		{8B71DA50-F2F4-4AE2-A3A8-67D4D22B8873}.Release|Any CPU.ActiveCfg = Release|Any CPU
		{8B71DA50-F2F4-4AE2-A3A8-67D4D22B8873}.Release|Any CPU.Build.0 = Release|Any CPU
		{44D98D64-2D49-4BF1-B4A2-4823B11CE3EB}.Debug|Any CPU.ActiveCfg = Debug|Any CPU
		{44D98D64-2D49-4BF1-B4A2-4823B11CE3EB}.Debug|Any CPU.Build.0 = Debug|Any CPU
		{44D98D64-2D49-4BF1-B4A2-4823B11CE3EB}.Release|Any CPU.ActiveCfg = Release|Any CPU
		{44D98D64-2D49-4BF1-B4A2-4823B11CE3EB}.Release|Any CPU.Build.0 = Release|Any CPU
		{FB7081B8-991B-4415-9FFD-41E3EF4DBB89}.Debug|Any CPU.ActiveCfg = Debug|Any CPU
		{FB7081B8-991B-4415-9FFD-41E3EF4DBB89}.Debug|Any CPU.Build.0 = Debug|Any CPU
		{FB7081B8-991B-4415-9FFD-41E3EF4DBB89}.Release|Any CPU.ActiveCfg = Release|Any CPU
		{FB7081B8-991B-4415-9FFD-41E3EF4DBB89}.Release|Any CPU.Build.0 = Release|Any CPU
		{E35BC377-39C2-4B56-ACC1-2343E273ABF8}.Debug|Any CPU.ActiveCfg = Debug|Any CPU
		{E35BC377-39C2-4B56-ACC1-2343E273ABF8}.Debug|Any CPU.Build.0 = Debug|Any CPU
		{E35BC377-39C2-4B56-ACC1-2343E273ABF8}.Release|Any CPU.ActiveCfg = Release|Any CPU
		{E35BC377-39C2-4B56-ACC1-2343E273ABF8}.Release|Any CPU.Build.0 = Release|Any CPU
		{BCDC082A-2D38-4DF7-A637-CFA56C694B39}.Debug|Any CPU.ActiveCfg = Debug|Any CPU
		{BCDC082A-2D38-4DF7-A637-CFA56C694B39}.Debug|Any CPU.Build.0 = Debug|Any CPU
		{BCDC082A-2D38-4DF7-A637-CFA56C694B39}.Release|Any CPU.ActiveCfg = Release|Any CPU
		{BCDC082A-2D38-4DF7-A637-CFA56C694B39}.Release|Any CPU.Build.0 = Release|Any CPU
		{4213F726-D3E9-422B-A439-FA02F65FF346}.Debug|Any CPU.ActiveCfg = Debug|Any CPU
		{4213F726-D3E9-422B-A439-FA02F65FF346}.Debug|Any CPU.Build.0 = Debug|Any CPU
		{4213F726-D3E9-422B-A439-FA02F65FF346}.Release|Any CPU.ActiveCfg = Release|Any CPU
		{4213F726-D3E9-422B-A439-FA02F65FF346}.Release|Any CPU.Build.0 = Release|Any CPU
		{46B97A47-B1FE-4E0E-9985-9C2A05BD5977}.Debug|Any CPU.ActiveCfg = Debug|Any CPU
		{46B97A47-B1FE-4E0E-9985-9C2A05BD5977}.Debug|Any CPU.Build.0 = Debug|Any CPU
		{46B97A47-B1FE-4E0E-9985-9C2A05BD5977}.Release|Any CPU.ActiveCfg = Release|Any CPU
		{46B97A47-B1FE-4E0E-9985-9C2A05BD5977}.Release|Any CPU.Build.0 = Release|Any CPU
		{A1D95710-7971-4C6F-B9C7-FDA3705C77D4}.Debug|Any CPU.ActiveCfg = Debug|Any CPU
		{A1D95710-7971-4C6F-B9C7-FDA3705C77D4}.Debug|Any CPU.Build.0 = Debug|Any CPU
		{A1D95710-7971-4C6F-B9C7-FDA3705C77D4}.Release|Any CPU.ActiveCfg = Release|Any CPU
		{A1D95710-7971-4C6F-B9C7-FDA3705C77D4}.Release|Any CPU.Build.0 = Release|Any CPU
		{030815FA-7E6C-4A61-B49D-A77A9AF9C8A2}.Debug|Any CPU.ActiveCfg = Debug|Any CPU
		{030815FA-7E6C-4A61-B49D-A77A9AF9C8A2}.Debug|Any CPU.Build.0 = Debug|Any CPU
		{030815FA-7E6C-4A61-B49D-A77A9AF9C8A2}.Release|Any CPU.ActiveCfg = Release|Any CPU
		{030815FA-7E6C-4A61-B49D-A77A9AF9C8A2}.Release|Any CPU.Build.0 = Release|Any CPU
		{4FB2988B-3466-4AEB-B60C-14B57956E256}.Debug|Any CPU.ActiveCfg = Debug|Any CPU
		{4FB2988B-3466-4AEB-B60C-14B57956E256}.Debug|Any CPU.Build.0 = Debug|Any CPU
		{4FB2988B-3466-4AEB-B60C-14B57956E256}.Release|Any CPU.ActiveCfg = Release|Any CPU
		{4FB2988B-3466-4AEB-B60C-14B57956E256}.Release|Any CPU.Build.0 = Release|Any CPU
		{6F5018CF-0C06-4D7F-B857-8465C7E9167A}.Debug|Any CPU.ActiveCfg = Debug|Any CPU
		{6F5018CF-0C06-4D7F-B857-8465C7E9167A}.Debug|Any CPU.Build.0 = Debug|Any CPU
		{6F5018CF-0C06-4D7F-B857-8465C7E9167A}.Release|Any CPU.ActiveCfg = Release|Any CPU
		{6F5018CF-0C06-4D7F-B857-8465C7E9167A}.Release|Any CPU.Build.0 = Release|Any CPU
		{26275A61-85F5-4372-858C-1666CF89A699}.Debug|Any CPU.ActiveCfg = Debug|Any CPU
		{26275A61-85F5-4372-858C-1666CF89A699}.Debug|Any CPU.Build.0 = Debug|Any CPU
		{26275A61-85F5-4372-858C-1666CF89A699}.Release|Any CPU.ActiveCfg = Release|Any CPU
		{26275A61-85F5-4372-858C-1666CF89A699}.Release|Any CPU.Build.0 = Release|Any CPU
	EndGlobalSection
	GlobalSection(NestedProjects) = preSolution
		{EBEF05F9-B027-44DA-8D85-CD4C6D3CBFF9} = {414D1254-A15A-4024-85AC-4424837ABA2D}
		{D31331C4-94C6-4A8C-9E05-FCC8BF7F43E7} = {414D1254-A15A-4024-85AC-4424837ABA2D}
		{EADF75A1-4B28-4C7B-AB01-4D5A1A64FEA6} = {57C1353C-978D-44F2-995F-A95307B3701E}
		{089228E5-6563-405E-AD12-9FA30479AAE9} = {57C1353C-978D-44F2-995F-A95307B3701E}
		{395E3998-53FA-4691-8473-F7A5CD59C088} = {57C1353C-978D-44F2-995F-A95307B3701E}
		{9B2205AE-F703-40B8-B7B0-3B92118EE73D} = {57C1353C-978D-44F2-995F-A95307B3701E}
		{7A4C6D2E-FB20-471D-9C85-2B1E37894A4E} = {57C1353C-978D-44F2-995F-A95307B3701E}
		{5E6FA2E7-D2AA-4C6F-BDE3-9BA9A3B98265} = {57C1353C-978D-44F2-995F-A95307B3701E}
		{C2F8E6A4-7D19-4C51-A3B2-9F104C87D6E5} = {57C1353C-978D-44F2-995F-A95307B3701E}
		{8F1123A0-1C4B-4AF0-A3D8-ADAB560F1591} = {57C1353C-978D-44F2-995F-A95307B3701E}
		{B6D6E988-7142-4A4C-A9D5-1E526C1814C4} = {57C1353C-978D-44F2-995F-A95307B3701E}
		{4E64191B-A918-4C19-8E64-0ED4A2BDF82A} = {57C1353C-978D-44F2-995F-A95307B3701E}
		{687BFA84-8597-4782-B107-36DF71E7404E} = {57C1353C-978D-44F2-995F-A95307B3701E}
		{1CBB22B0-8427-4498-8557-D6E5F23EEBA3} = {6E7CE74C-18E0-4FDF-B8FD-14CD493A4568}
		{9C214E8F-4CAB-4A97-8C3A-6E18D7B82061} = {6E7CE74C-18E0-4FDF-B8FD-14CD493A4568}
		{E97FD006-1C85-4215-A9BF-C6EB446045A7} = {18E1D5C4-0E54-485D-A886-E196438C325E}
		{A75A9A76-4E72-46C7-BE55-05F599E2E4C1} = {18E1D5C4-0E54-485D-A886-E196438C325E}
		{5B4C1A0A-B291-4B14-BEF2-3C2B93B6B1E1} = {18E1D5C4-0E54-485D-A886-E196438C325E}
		{4409B3DE-39C1-4D7F-A24D-8508F4655BEF} = {57C1353C-978D-44F2-995F-A95307B3701E}
		{0A4113EF-E92B-44C1-A918-62D778DCE07B} = {57C1353C-978D-44F2-995F-A95307B3701E}
		{07DA4944-2117-469E-B8F0-5AED4B74C920} = {57C1353C-978D-44F2-995F-A95307B3701E}
		{B0B710E0-4150-45B3-B7E8-1BD0F121BD23} = {57C1353C-978D-44F2-995F-A95307B3701E}
		{8B71DA50-F2F4-4AE2-A3A8-67D4D22B8873} = {57C1353C-978D-44F2-995F-A95307B3701E}
		{44D98D64-2D49-4BF1-B4A2-4823B11CE3EB} = {57C1353C-978D-44F2-995F-A95307B3701E}
		{FB7081B8-991B-4415-9FFD-41E3EF4DBB89} = {57C1353C-978D-44F2-995F-A95307B3701E}
		{E35BC377-39C2-4B56-ACC1-2343E273ABF8} = {57C1353C-978D-44F2-995F-A95307B3701E}
		{BCDC082A-2D38-4DF7-A637-CFA56C694B39} = {57C1353C-978D-44F2-995F-A95307B3701E}
		{4213F726-D3E9-422B-A439-FA02F65FF346} = {57C1353C-978D-44F2-995F-A95307B3701E}
		{46B97A47-B1FE-4E0E-9985-9C2A05BD5977} = {57C1353C-978D-44F2-995F-A95307B3701E}
		{A1D95710-7971-4C6F-B9C7-FDA3705C77D4} = {57C1353C-978D-44F2-995F-A95307B3701E}
		{030815FA-7E6C-4A61-B49D-A77A9AF9C8A2} = {57C1353C-978D-44F2-995F-A95307B3701E}
		{4FB2988B-3466-4AEB-B60C-14B57956E256} = {57C1353C-978D-44F2-995F-A95307B3701E}
		{6F5018CF-0C06-4D7F-B857-8465C7E9167A} = {57C1353C-978D-44F2-995F-A95307B3701E}
		{26275A61-85F5-4372-858C-1666CF89A699} = {57C1353C-978D-44F2-995F-A95307B3701E}
	EndGlobalSection
EndGlobal
